
Microsoft Visual Studio Solution File, Format Version 12.00
# Visual Studio Version 17
VisualStudioVersion = 17.6.33717.318
MinimumVisualStudioVersion = 10.0.40219.1
Project("{FAE04EC0-301F-11D3-BF4B-00C04F79EFBC}") = "school-trackr-v2", "school-trackr-v2.csproj", "{A5F0D6F7-4436-4115-B423-E95397BFE3A9}"
EndProject
Global
	GlobalSection(SolutionConfigurationPlatforms) = preSolution
		Debug|Any CPU = Debug|Any CPU
		Release|Any CPU = Release|Any CPU
	EndGlobalSection
	GlobalSection(ProjectConfigurationPlatforms) = postSolution
		{A5F0D6F7-4436-4115-B423-E95397BFE3A9}.Debug|Any CPU.ActiveCfg = Debug|Any CPU
		{A5F0D6F7-4436-4115-B423-E95397BFE3A9}.Debug|Any CPU.Build.0 = Debug|Any CPU
		{A5F0D6F7-4436-4115-B423-E95397BFE3A9}.Debug|Any CPU.Deploy.0 = Debug|Any CPU
		{A5F0D6F7-4436-4115-B423-E95397BFE3A9}.Release|Any CPU.ActiveCfg = Release|Any CPU
		{A5F0D6F7-4436-4115-B423-E95397BFE3A9}.Release|Any CPU.Build.0 = Release|Any CPU
		{A5F0D6F7-4436-4115-B423-E95397BFE3A9}.Release|Any CPU.Deploy.0 = Release|Any CPU
	EndGlobalSection
	GlobalSection(SolutionProperties) = preSolution
		HideSolutionNode = FALSE
	EndGlobalSection
	GlobalSection(ExtensibilityGlobals) = postSolution
		SolutionGuid = {A306926A-C517-47A6-A3BB-DEE82099C992}
	EndGlobalSection
EndGlobal
